// !$*UTF8*$!
{
	archiveVersion = 1;
	classes = {
	};
	objectVersion = 46;
	objects = {

/* Begin PBXBuildFile section */
		D75784731C008A010003F185 /* CodeInputScreen.m in Sources */ = {isa = PBXBuildFile; fileRef = D75784721C008A010003F185 /* CodeInputScreen.m */; };
		D75784761C008A330003F185 /* PreviewsTableVC.m in Sources */ = {isa = PBXBuildFile; fileRef = D75784751C008A330003F185 /* PreviewsTableVC.m */; };
		D78E5D531C00947400B24531 /* StoreData.m in Sources */ = {isa = PBXBuildFile; fileRef = D78E5D521C00947400B24531 /* StoreData.m */; };
		D78E5D561C00A86100B24531 /* PreviewTableViewCell.m in Sources */ = {isa = PBXBuildFile; fileRef = D78E5D551C00A86100B24531 /* PreviewTableViewCell.m */; };
		D78E5D591C00B6DA00B24531 /* Timer.m in Sources */ = {isa = PBXBuildFile; fileRef = D78E5D581C00B6DA00B24531 /* Timer.m */; };
		D78E5D5C1C00CF7300B24531 /* ListsTableVC.m in Sources */ = {isa = PBXBuildFile; fileRef = D78E5D5B1C00CF7300B24531 /* ListsTableVC.m */; };
		D78E5D5F1C01162300B24531 /* Assets.xcassets in Resources */ = {isa = PBXBuildFile; fileRef = D78E5D5E1C01162300B24531 /* Assets.xcassets */; };
		D78E5D621C01C26B00B24531 /* SleepVC.m in Sources */ = {isa = PBXBuildFile; fileRef = D78E5D611C01C26B00B24531 /* SleepVC.m */; };
		D78E5D651C01FE8A00B24531 /* DebugScreenVC.m in Sources */ = {isa = PBXBuildFile; fileRef = D78E5D641C01FE8A00B24531 /* DebugScreenVC.m */; };
		D7DB63661C00677100381E51 /* main.m in Sources */ = {isa = PBXBuildFile; fileRef = D7DB63651C00677100381E51 /* main.m */; };
		D7DB63691C00677100381E51 /* AppDelegate.m in Sources */ = {isa = PBXBuildFile; fileRef = D7DB63681C00677100381E51 /* AppDelegate.m */; };
		D7DB636C1C00677100381E51 /* RegisterScreen.m in Sources */ = {isa = PBXBuildFile; fileRef = D7DB636B1C00677100381E51 /* RegisterScreen.m */; };
		D7DB636F1C00677100381E51 /* Main.storyboard in Resources */ = {isa = PBXBuildFile; fileRef = D7DB636D1C00677100381E51 /* Main.storyboard */; };
		D7DB63741C00677100381E51 /* LaunchScreen.storyboard in Resources */ = {isa = PBXBuildFile; fileRef = D7DB63721C00677100381E51 /* LaunchScreen.storyboard */; };
		D7DB637F1C006D6100381E51 /* Assets.bundle in Resources */ = {isa = PBXBuildFile; fileRef = D7DB637C1C006D6100381E51 /* Assets.bundle */; };
		D7DB63801C006D6100381E51 /* Info.plist in Resources */ = {isa = PBXBuildFile; fileRef = D7DB637D1C006D6100381E51 /* Info.plist */; };
		D7DB63861C006D7300381E51 /* NetworkManager.m in Sources */ = {isa = PBXBuildFile; fileRef = D7DB63831C006D7300381E51 /* NetworkManager.m */; };
		D7DB63871C006D7300381E51 /* NetworkRequestSender.m in Sources */ = {isa = PBXBuildFile; fileRef = D7DB63851C006D7300381E51 /* NetworkRequestSender.m */; };
		D7DB638C1C00730600381E51 /* Consts.m in Sources */ = {isa = PBXBuildFile; fileRef = D7DB638B1C00730600381E51 /* Consts.m */; };
		D7DB63921C00739700381E51 /* NSString+Extensions.m in Sources */ = {isa = PBXBuildFile; fileRef = D7DB638F1C00739700381E51 /* NSString+Extensions.m */; };
		D7DB63931C00739700381E51 /* NSString+Tools.m in Sources */ = {isa = PBXBuildFile; fileRef = D7DB63911C00739700381E51 /* NSString+Tools.m */; };
		D7DB63971C0073C600381E51 /* CurrentUserSession.m in Sources */ = {isa = PBXBuildFile; fileRef = D7DB63961C0073C600381E51 /* CurrentUserSession.m */; };
		E9675E6C1588C1620DE22825 /* libPods.a in Frameworks */ = {isa = PBXBuildFile; fileRef = 0E32CCB365585F081049D3EE /* libPods.a */; };
/* End PBXBuildFile section */

/* Begin PBXFileReference section */
		0E32CCB365585F081049D3EE /* libPods.a */ = {isa = PBXFileReference; explicitFileType = archive.ar; includeInIndex = 0; path = libPods.a; sourceTree = BUILT_PRODUCTS_DIR; };
		9EC7001430ED5449A22E2659 /* Pods.debug.xcconfig */ = {isa = PBXFileReference; includeInIndex = 1; lastKnownFileType = text.xcconfig; name = Pods.debug.xcconfig; path = "Pods/Target Support Files/Pods/Pods.debug.xcconfig"; sourceTree = "<group>"; };
		D75784711C008A010003F185 /* CodeInputScreen.h */ = {isa = PBXFileReference; fileEncoding = 4; lastKnownFileType = sourcecode.c.h; path = CodeInputScreen.h; sourceTree = "<group>"; };
		D75784721C008A010003F185 /* CodeInputScreen.m */ = {isa = PBXFileReference; fileEncoding = 4; lastKnownFileType = sourcecode.c.objc; path = CodeInputScreen.m; sourceTree = "<group>"; };
		D75784741C008A330003F185 /* PreviewsTableVC.h */ = {isa = PBXFileReference; fileEncoding = 4; lastKnownFileType = sourcecode.c.h; path = PreviewsTableVC.h; sourceTree = "<group>"; };
		D75784751C008A330003F185 /* PreviewsTableVC.m */ = {isa = PBXFileReference; fileEncoding = 4; lastKnownFileType = sourcecode.c.objc; path = PreviewsTableVC.m; sourceTree = "<group>"; };
		D78E5D511C00947400B24531 /* StoreData.h */ = {isa = PBXFileReference; fileEncoding = 4; lastKnownFileType = sourcecode.c.h; path = StoreData.h; sourceTree = "<group>"; };
		D78E5D521C00947400B24531 /* StoreData.m */ = {isa = PBXFileReference; fileEncoding = 4; lastKnownFileType = sourcecode.c.objc; path = StoreData.m; sourceTree = "<group>"; };
		D78E5D541C00A86100B24531 /* PreviewTableViewCell.h */ = {isa = PBXFileReference; fileEncoding = 4; lastKnownFileType = sourcecode.c.h; path = PreviewTableViewCell.h; sourceTree = "<group>"; };
		D78E5D551C00A86100B24531 /* PreviewTableViewCell.m */ = {isa = PBXFileReference; fileEncoding = 4; lastKnownFileType = sourcecode.c.objc; path = PreviewTableViewCell.m; sourceTree = "<group>"; };
		D78E5D571C00B6DA00B24531 /* Timer.h */ = {isa = PBXFileReference; fileEncoding = 4; lastKnownFileType = sourcecode.c.h; path = Timer.h; sourceTree = "<group>"; };
		D78E5D581C00B6DA00B24531 /* Timer.m */ = {isa = PBXFileReference; fileEncoding = 4; lastKnownFileType = sourcecode.c.objc; path = Timer.m; sourceTree = "<group>"; };
		D78E5D5A1C00CF7300B24531 /* ListsTableVC.h */ = {isa = PBXFileReference; fileEncoding = 4; lastKnownFileType = sourcecode.c.h; path = ListsTableVC.h; sourceTree = "<group>"; };
		D78E5D5B1C00CF7300B24531 /* ListsTableVC.m */ = {isa = PBXFileReference; fileEncoding = 4; lastKnownFileType = sourcecode.c.objc; path = ListsTableVC.m; sourceTree = "<group>"; };
		D78E5D5E1C01162300B24531 /* Assets.xcassets */ = {isa = PBXFileReference; lastKnownFileType = folder.assetcatalog; path = Assets.xcassets; sourceTree = "<group>"; };
		D78E5D601C01C26B00B24531 /* SleepVC.h */ = {isa = PBXFileReference; fileEncoding = 4; lastKnownFileType = sourcecode.c.h; path = SleepVC.h; sourceTree = "<group>"; };
		D78E5D611C01C26B00B24531 /* SleepVC.m */ = {isa = PBXFileReference; fileEncoding = 4; lastKnownFileType = sourcecode.c.objc; path = SleepVC.m; sourceTree = "<group>"; };
		D78E5D631C01FE8A00B24531 /* DebugScreenVC.h */ = {isa = PBXFileReference; fileEncoding = 4; lastKnownFileType = sourcecode.c.h; path = DebugScreenVC.h; sourceTree = "<group>"; };
		D78E5D641C01FE8A00B24531 /* DebugScreenVC.m */ = {isa = PBXFileReference; fileEncoding = 4; lastKnownFileType = sourcecode.c.objc; path = DebugScreenVC.m; sourceTree = "<group>"; };
		D7DB63611C00677100381E51 /* ChildTracker.app */ = {isa = PBXFileReference; explicitFileType = wrapper.application; includeInIndex = 0; path = ChildTracker.app; sourceTree = BUILT_PRODUCTS_DIR; };
		D7DB63651C00677100381E51 /* main.m */ = {isa = PBXFileReference; lastKnownFileType = sourcecode.c.objc; path = main.m; sourceTree = "<group>"; };
		D7DB63671C00677100381E51 /* AppDelegate.h */ = {isa = PBXFileReference; lastKnownFileType = sourcecode.c.h; path = AppDelegate.h; sourceTree = "<group>"; };
		D7DB63681C00677100381E51 /* AppDelegate.m */ = {isa = PBXFileReference; lastKnownFileType = sourcecode.c.objc; path = AppDelegate.m; sourceTree = "<group>"; };
		D7DB636A1C00677100381E51 /* RegisterScreen.h */ = {isa = PBXFileReference; lastKnownFileType = sourcecode.c.h; path = RegisterScreen.h; sourceTree = "<group>"; };
		D7DB636B1C00677100381E51 /* RegisterScreen.m */ = {isa = PBXFileReference; lastKnownFileType = sourcecode.c.objc; path = RegisterScreen.m; sourceTree = "<group>"; };
		D7DB636E1C00677100381E51 /* Base */ = {isa = PBXFileReference; lastKnownFileType = file.storyboard; name = Base; path = Base.lproj/Main.storyboard; sourceTree = "<group>"; };
		D7DB63731C00677100381E51 /* Base */ = {isa = PBXFileReference; lastKnownFileType = file.storyboard; name = Base; path = Base.lproj/LaunchScreen.storyboard; sourceTree = "<group>"; };
		D7DB63751C00677100381E51 /* Info.plist */ = {isa = PBXFileReference; lastKnownFileType = text.plist.xml; path = Info.plist; sourceTree = "<group>"; };
		D7DB637C1C006D6100381E51 /* Assets.bundle */ = {isa = PBXFileReference; lastKnownFileType = "wrapper.plug-in"; name = Assets.bundle; path = "youtube-ios-player-helper/Assets.bundle"; sourceTree = "<group>"; };
		D7DB637D1C006D6100381E51 /* Info.plist */ = {isa = PBXFileReference; fileEncoding = 4; lastKnownFileType = text.plist.xml; name = Info.plist; path = "youtube-ios-player-helper/Info.plist"; sourceTree = "<group>"; };
		D7DB637E1C006D6100381E51 /* YouTubeiOSPlayerHelper.h */ = {isa = PBXFileReference; fileEncoding = 4; lastKnownFileType = sourcecode.c.h; name = YouTubeiOSPlayerHelper.h; path = "youtube-ios-player-helper/YouTubeiOSPlayerHelper.h"; sourceTree = "<group>"; };
		D7DB63821C006D7300381E51 /* NetworkManager.h */ = {isa = PBXFileReference; fileEncoding = 4; lastKnownFileType = sourcecode.c.h; name = NetworkManager.h; path = Network/NetworkManager.h; sourceTree = "<group>"; };
		D7DB63831C006D7300381E51 /* NetworkManager.m */ = {isa = PBXFileReference; fileEncoding = 4; lastKnownFileType = sourcecode.c.objc; name = NetworkManager.m; path = Network/NetworkManager.m; sourceTree = "<group>"; };
		D7DB63841C006D7300381E51 /* NetworkRequestSender.h */ = {isa = PBXFileReference; fileEncoding = 4; lastKnownFileType = sourcecode.c.h; name = NetworkRequestSender.h; path = Network/NetworkRequestSender.h; sourceTree = "<group>"; };
		D7DB63851C006D7300381E51 /* NetworkRequestSender.m */ = {isa = PBXFileReference; fileEncoding = 4; lastKnownFileType = sourcecode.c.objc; name = NetworkRequestSender.m; path = Network/NetworkRequestSender.m; sourceTree = "<group>"; };
		D7DB638A1C00730600381E51 /* Consts.h */ = {isa = PBXFileReference; fileEncoding = 4; lastKnownFileType = sourcecode.c.h; path = Consts.h; sourceTree = "<group>"; };
		D7DB638B1C00730600381E51 /* Consts.m */ = {isa = PBXFileReference; fileEncoding = 4; lastKnownFileType = sourcecode.c.objc; path = Consts.m; sourceTree = "<group>"; };
		D7DB638E1C00739700381E51 /* NSString+Extensions.h */ = {isa = PBXFileReference; fileEncoding = 4; lastKnownFileType = sourcecode.c.h; name = "NSString+Extensions.h"; path = "Third-party/Tools/NSString+Tools/NSString+Extensions.h"; sourceTree = "<group>"; };
		D7DB638F1C00739700381E51 /* NSString+Extensions.m */ = {isa = PBXFileReference; fileEncoding = 4; lastKnownFileType = sourcecode.c.objc; name = "NSString+Extensions.m"; path = "Third-party/Tools/NSString+Tools/NSString+Extensions.m"; sourceTree = "<group>"; };
		D7DB63901C00739700381E51 /* NSString+Tools.h */ = {isa = PBXFileReference; fileEncoding = 4; lastKnownFileType = sourcecode.c.h; name = "NSString+Tools.h"; path = "Third-party/Tools/NSString+Tools/NSString+Tools.h"; sourceTree = "<group>"; };
		D7DB63911C00739700381E51 /* NSString+Tools.m */ = {isa = PBXFileReference; fileEncoding = 4; lastKnownFileType = sourcecode.c.objc; name = "NSString+Tools.m"; path = "Third-party/Tools/NSString+Tools/NSString+Tools.m"; sourceTree = "<group>"; };
		D7DB63951C0073C600381E51 /* CurrentUserSession.h */ = {isa = PBXFileReference; fileEncoding = 4; lastKnownFileType = sourcecode.c.h; path = CurrentUserSession.h; sourceTree = "<group>"; };
		D7DB63961C0073C600381E51 /* CurrentUserSession.m */ = {isa = PBXFileReference; fileEncoding = 4; lastKnownFileType = sourcecode.c.objc; path = CurrentUserSession.m; sourceTree = "<group>"; };
		FDCB28259AAAAE03B9D0C912 /* Pods.release.xcconfig */ = {isa = PBXFileReference; includeInIndex = 1; lastKnownFileType = text.xcconfig; name = Pods.release.xcconfig; path = "Pods/Target Support Files/Pods/Pods.release.xcconfig"; sourceTree = "<group>"; };
/* End PBXFileReference section */

/* Begin PBXFrameworksBuildPhase section */
		D7DB635E1C00677100381E51 /* Frameworks */ = {
			isa = PBXFrameworksBuildPhase;
			buildActionMask = 2147483647;
			files = (
				E9675E6C1588C1620DE22825 /* libPods.a in Frameworks */,
			);
			runOnlyForDeploymentPostprocessing = 0;
		};
/* End PBXFrameworksBuildPhase section */

/* Begin PBXGroup section */
		3CB98545576EB535CE6B515D /* Frameworks */ = {
			isa = PBXGroup;
			children = (
				0E32CCB365585F081049D3EE /* libPods.a */,
			);
			name = Frameworks;
			sourceTree = "<group>";
		};
		D75784771C008AE40003F185 /* PreviewCell */ = {
			isa = PBXGroup;
			children = (
				D78E5D541C00A86100B24531 /* PreviewTableViewCell.h */,
				D78E5D551C00A86100B24531 /* PreviewTableViewCell.m */,
			);
			name = PreviewCell;
			sourceTree = "<group>";
		};
		D7DB63581C00677100381E51 = {
			isa = PBXGroup;
			children = (
				D7DB63631C00677100381E51 /* ChildTracker */,
				D7DB63621C00677100381E51 /* Products */,
				F7857B9553A5F07496950744 /* Pods */,
				3CB98545576EB535CE6B515D /* Frameworks */,
			);
			sourceTree = "<group>";
		};
		D7DB63621C00677100381E51 /* Products */ = {
			isa = PBXGroup;
			children = (
				D7DB63611C00677100381E51 /* ChildTracker.app */,
			);
			name = Products;
			sourceTree = "<group>";
		};
		D7DB63631C00677100381E51 /* ChildTracker */ = {
			isa = PBXGroup;
			children = (
				D7DB63881C006DAE00381E51 /* AppDelegate */,
				D7DB63811C006D6700381E51 /* Network */,
				D7DB638D1C00738700381E51 /* Third-party */,
				D7DB637B1C006D5700381E51 /* youtube-ios-player-helper */,
				D7DB63891C00725900381E51 /* ViewControllers */,
				D7DB63941C0073BB00381E51 /* Data */,
				D7DB636D1C00677100381E51 /* Main.storyboard */,
				D78E5D5E1C01162300B24531 /* Assets.xcassets */,
				D7DB63721C00677100381E51 /* LaunchScreen.storyboard */,
				D7DB63751C00677100381E51 /* Info.plist */,
				D7DB63641C00677100381E51 /* Supporting Files */,
			);
			path = ChildTracker;
			sourceTree = "<group>";
		};
		D7DB63641C00677100381E51 /* Supporting Files */ = {
			isa = PBXGroup;
			children = (
				D7DB63651C00677100381E51 /* main.m */,
			);
			name = "Supporting Files";
			sourceTree = "<group>";
		};
		D7DB637B1C006D5700381E51 /* youtube-ios-player-helper */ = {
			isa = PBXGroup;
			children = (
				D7DB637C1C006D6100381E51 /* Assets.bundle */,
				D7DB637D1C006D6100381E51 /* Info.plist */,
				D7DB637E1C006D6100381E51 /* YouTubeiOSPlayerHelper.h */,
			);
			name = "youtube-ios-player-helper";
			sourceTree = "<group>";
		};
		D7DB63811C006D6700381E51 /* Network */ = {
			isa = PBXGroup;
			children = (
				D7DB63821C006D7300381E51 /* NetworkManager.h */,
				D7DB63831C006D7300381E51 /* NetworkManager.m */,
				D7DB63841C006D7300381E51 /* NetworkRequestSender.h */,
				D7DB63851C006D7300381E51 /* NetworkRequestSender.m */,
			);
			name = Network;
			sourceTree = "<group>";
		};
		D7DB63881C006DAE00381E51 /* AppDelegate */ = {
			isa = PBXGroup;
			children = (
				D7DB63671C00677100381E51 /* AppDelegate.h */,
				D7DB63681C00677100381E51 /* AppDelegate.m */,
				D7DB638A1C00730600381E51 /* Consts.h */,
				D7DB638B1C00730600381E51 /* Consts.m */,
			);
			name = AppDelegate;
			sourceTree = "<group>";
		};
		D7DB63891C00725900381E51 /* ViewControllers */ = {
			isa = PBXGroup;
			children = (
				D75784771C008AE40003F185 /* PreviewCell */,
				D7DB636A1C00677100381E51 /* RegisterScreen.h */,
				D7DB636B1C00677100381E51 /* RegisterScreen.m */,
				D75784711C008A010003F185 /* CodeInputScreen.h */,
				D75784721C008A010003F185 /* CodeInputScreen.m */,
				D78E5D5A1C00CF7300B24531 /* ListsTableVC.h */,
				D78E5D5B1C00CF7300B24531 /* ListsTableVC.m */,
				D75784741C008A330003F185 /* PreviewsTableVC.h */,
				D75784751C008A330003F185 /* PreviewsTableVC.m */,
				D78E5D601C01C26B00B24531 /* SleepVC.h */,
				D78E5D611C01C26B00B24531 /* SleepVC.m */,
				D78E5D631C01FE8A00B24531 /* DebugScreenVC.h */,
				D78E5D641C01FE8A00B24531 /* DebugScreenVC.m */,
			);
			name = ViewControllers;
			sourceTree = "<group>";
		};
		D7DB638D1C00738700381E51 /* Third-party */ = {
			isa = PBXGroup;
			children = (
				D7DB638E1C00739700381E51 /* NSString+Extensions.h */,
				D7DB638F1C00739700381E51 /* NSString+Extensions.m */,
				D7DB63901C00739700381E51 /* NSString+Tools.h */,
				D7DB63911C00739700381E51 /* NSString+Tools.m */,
			);
			name = "Third-party";
			sourceTree = "<group>";
		};
		D7DB63941C0073BB00381E51 /* Data */ = {
			isa = PBXGroup;
			children = (
				D7DB63951C0073C600381E51 /* CurrentUserSession.h */,
				D7DB63961C0073C600381E51 /* CurrentUserSession.m */,
				D78E5D511C00947400B24531 /* StoreData.h */,
				D78E5D521C00947400B24531 /* StoreData.m */,
				D78E5D571C00B6DA00B24531 /* Timer.h */,
				D78E5D581C00B6DA00B24531 /* Timer.m */,
			);
			name = Data;
			sourceTree = "<group>";
		};
		F7857B9553A5F07496950744 /* Pods */ = {
			isa = PBXGroup;
			children = (
				9EC7001430ED5449A22E2659 /* Pods.debug.xcconfig */,
				FDCB28259AAAAE03B9D0C912 /* Pods.release.xcconfig */,
			);
			name = Pods;
			sourceTree = "<group>";
		};
/* End PBXGroup section */

/* Begin PBXNativeTarget section */
		D7DB63601C00677100381E51 /* ChildTracker */ = {
			isa = PBXNativeTarget;
			buildConfigurationList = D7DB63781C00677100381E51 /* Build configuration list for PBXNativeTarget "ChildTracker" */;
			buildPhases = (
				A19F95A671DC9593F006FC52 /* Check Pods Manifest.lock */,
				D7DB635D1C00677100381E51 /* Sources */,
				D7DB635E1C00677100381E51 /* Frameworks */,
				D7DB635F1C00677100381E51 /* Resources */,
				8E4619F8F08706EA0C0E3D5B /* Embed Pods Frameworks */,
				E146C014DF585AA85440976E /* Copy Pods Resources */,
			);
			buildRules = (
			);
			dependencies = (
			);
			name = ChildTracker;
			productName = ChildTracker;
			productReference = D7DB63611C00677100381E51 /* ChildTracker.app */;
			productType = "com.apple.product-type.application";
		};
/* End PBXNativeTarget section */

/* Begin PBXProject section */
		D7DB63591C00677100381E51 /* Project object */ = {
			isa = PBXProject;
			attributes = {
				LastUpgradeCheck = 0710;
				ORGANIZATIONNAME = Lodossteam;
				TargetAttributes = {
					D7DB63601C00677100381E51 = {
						CreatedOnToolsVersion = 7.1;
					};
				};
			};
			buildConfigurationList = D7DB635C1C00677100381E51 /* Build configuration list for PBXProject "ChildTracker" */;
			compatibilityVersion = "Xcode 3.2";
			developmentRegion = English;
			hasScannedForEncodings = 0;
			knownRegions = (
				en,
				Base,
			);
			mainGroup = D7DB63581C00677100381E51;
			productRefGroup = D7DB63621C00677100381E51 /* Products */;
			projectDirPath = "";
			projectRoot = "";
			targets = (
				D7DB63601C00677100381E51 /* ChildTracker */,
			);
		};
/* End PBXProject section */

/* Begin PBXResourcesBuildPhase section */
		D7DB635F1C00677100381E51 /* Resources */ = {
			isa = PBXResourcesBuildPhase;
			buildActionMask = 2147483647;
			files = (
				D7DB637F1C006D6100381E51 /* Assets.bundle in Resources */,
				D7DB63741C00677100381E51 /* LaunchScreen.storyboard in Resources */,
				D7DB63801C006D6100381E51 /* Info.plist in Resources */,
				D7DB636F1C00677100381E51 /* Main.storyboard in Resources */,
				D78E5D5F1C01162300B24531 /* Assets.xcassets in Resources */,
			);
			runOnlyForDeploymentPostprocessing = 0;
		};
/* End PBXResourcesBuildPhase section */

/* Begin PBXShellScriptBuildPhase section */
		8E4619F8F08706EA0C0E3D5B /* Embed Pods Frameworks */ = {
			isa = PBXShellScriptBuildPhase;
			buildActionMask = 2147483647;
			files = (
			);
			inputPaths = (
			);
			name = "Embed Pods Frameworks";
			outputPaths = (
			);
			runOnlyForDeploymentPostprocessing = 0;
			shellPath = /bin/sh;
			shellScript = "\"${SRCROOT}/Pods/Target Support Files/Pods/Pods-frameworks.sh\"\n";
			showEnvVarsInLog = 0;
		};
		A19F95A671DC9593F006FC52 /* Check Pods Manifest.lock */ = {
			isa = PBXShellScriptBuildPhase;
			buildActionMask = 2147483647;
			files = (
			);
			inputPaths = (
			);
			name = "Check Pods Manifest.lock";
			outputPaths = (
			);
			runOnlyForDeploymentPostprocessing = 0;
			shellPath = /bin/sh;
			shellScript = "diff \"${PODS_ROOT}/../Podfile.lock\" \"${PODS_ROOT}/Manifest.lock\" > /dev/null\nif [[ $? != 0 ]] ; then\n    cat << EOM\nerror: The sandbox is not in sync with the Podfile.lock. Run 'pod install' or update your CocoaPods installation.\nEOM\n    exit 1\nfi\n";
			showEnvVarsInLog = 0;
		};
		E146C014DF585AA85440976E /* Copy Pods Resources */ = {
			isa = PBXShellScriptBuildPhase;
			buildActionMask = 2147483647;
			files = (
			);
			inputPaths = (
			);
			name = "Copy Pods Resources";
			outputPaths = (
			);
			runOnlyForDeploymentPostprocessing = 0;
			shellPath = /bin/sh;
			shellScript = "\"${SRCROOT}/Pods/Target Support Files/Pods/Pods-resources.sh\"\n";
			showEnvVarsInLog = 0;
		};
/* End PBXShellScriptBuildPhase section */

/* Begin PBXSourcesBuildPhase section */
		D7DB635D1C00677100381E51 /* Sources */ = {
			isa = PBXSourcesBuildPhase;
			buildActionMask = 2147483647;
			files = (
				D78E5D5C1C00CF7300B24531 /* ListsTableVC.m in Sources */,
				D75784761C008A330003F185 /* PreviewsTableVC.m in Sources */,
				D78E5D531C00947400B24531 /* StoreData.m in Sources */,
				D7DB63921C00739700381E51 /* NSString+Extensions.m in Sources */,
				D7DB63871C006D7300381E51 /* NetworkRequestSender.m in Sources */,
				D7DB63861C006D7300381E51 /* NetworkManager.m in Sources */,
				D78E5D621C01C26B00B24531 /* SleepVC.m in Sources */,
				D75784731C008A010003F185 /* CodeInputScreen.m in Sources */,
				D7DB636C1C00677100381E51 /* RegisterScreen.m in Sources */,
				D7DB638C1C00730600381E51 /* Consts.m in Sources */,
				D7DB63971C0073C600381E51 /* CurrentUserSession.m in Sources */,
				D78E5D651C01FE8A00B24531 /* DebugScreenVC.m in Sources */,
				D7DB63691C00677100381E51 /* AppDelegate.m in Sources */,
				D78E5D561C00A86100B24531 /* PreviewTableViewCell.m in Sources */,
				D7DB63661C00677100381E51 /* main.m in Sources */,
				D7DB63931C00739700381E51 /* NSString+Tools.m in Sources */,
				D78E5D591C00B6DA00B24531 /* Timer.m in Sources */,
			);
			runOnlyForDeploymentPostprocessing = 0;
		};
/* End PBXSourcesBuildPhase section */

/* Begin PBXVariantGroup section */
		D7DB636D1C00677100381E51 /* Main.storyboard */ = {
			isa = PBXVariantGroup;
			children = (
				D7DB636E1C00677100381E51 /* Base */,
			);
			name = Main.storyboard;
			sourceTree = "<group>";
		};
		D7DB63721C00677100381E51 /* LaunchScreen.storyboard */ = {
			isa = PBXVariantGroup;
			children = (
				D7DB63731C00677100381E51 /* Base */,
			);
			name = LaunchScreen.storyboard;
			sourceTree = "<group>";
		};
/* End PBXVariantGroup section */

/* Begin XCBuildConfiguration section */
		D7DB63761C00677100381E51 /* Debug */ = {
			isa = XCBuildConfiguration;
			buildSettings = {
				ALWAYS_SEARCH_USER_PATHS = NO;
				CLANG_CXX_LANGUAGE_STANDARD = "gnu++0x";
				CLANG_CXX_LIBRARY = "libc++";
				CLANG_ENABLE_MODULES = YES;
				CLANG_ENABLE_OBJC_ARC = YES;
				CLANG_WARN_BOOL_CONVERSION = YES;
				CLANG_WARN_CONSTANT_CONVERSION = YES;
				CLANG_WARN_DIRECT_OBJC_ISA_USAGE = YES_ERROR;
				CLANG_WARN_EMPTY_BODY = YES;
				CLANG_WARN_ENUM_CONVERSION = YES;
				CLANG_WARN_INT_CONVERSION = YES;
				CLANG_WARN_OBJC_ROOT_CLASS = YES_ERROR;
				CLANG_WARN_UNREACHABLE_CODE = YES;
				CLANG_WARN__DUPLICATE_METHOD_MATCH = YES;
				"CODE_SIGN_IDENTITY[sdk=iphoneos*]" = "iPhone Developer";
				COPY_PHASE_STRIP = NO;
				DEBUG_INFORMATION_FORMAT = dwarf;
				ENABLE_STRICT_OBJC_MSGSEND = YES;
				ENABLE_TESTABILITY = YES;
				GCC_C_LANGUAGE_STANDARD = gnu99;
				GCC_DYNAMIC_NO_PIC = NO;
				GCC_NO_COMMON_BLOCKS = YES;
				GCC_OPTIMIZATION_LEVEL = 0;
				GCC_PREPROCESSOR_DEFINITIONS = (
					"DEBUG=1",
					"$(inherited)",
				);
				GCC_WARN_64_TO_32_BIT_CONVERSION = YES;
				GCC_WARN_ABOUT_RETURN_TYPE = YES_ERROR;
				GCC_WARN_UNDECLARED_SELECTOR = YES;
				GCC_WARN_UNINITIALIZED_AUTOS = YES_AGGRESSIVE;
				GCC_WARN_UNUSED_FUNCTION = YES;
				GCC_WARN_UNUSED_VARIABLE = YES;
				IPHONEOS_DEPLOYMENT_TARGET = 9.1;
				MTL_ENABLE_DEBUG_INFO = YES;
				ONLY_ACTIVE_ARCH = YES;
				SDKROOT = iphoneos;
				TARGETED_DEVICE_FAMILY = "1,2";
			};
			name = Debug;
		};
		D7DB63771C00677100381E51 /* Release */ = {
			isa = XCBuildConfiguration;
			buildSettings = {
				ALWAYS_SEARCH_USER_PATHS = NO;
				CLANG_CXX_LANGUAGE_STANDARD = "gnu++0x";
				CLANG_CXX_LIBRARY = "libc++";
				CLANG_ENABLE_MODULES = YES;
				CLANG_ENABLE_OBJC_ARC = YES;
				CLANG_WARN_BOOL_CONVERSION = YES;
				CLANG_WARN_CONSTANT_CONVERSION = YES;
				CLANG_WARN_DIRECT_OBJC_ISA_USAGE = YES_ERROR;
				CLANG_WARN_EMPTY_BODY = YES;
				CLANG_WARN_ENUM_CONVERSION = YES;
				CLANG_WARN_INT_CONVERSION = YES;
				CLANG_WARN_OBJC_ROOT_CLASS = YES_ERROR;
				CLANG_WARN_UNREACHABLE_CODE = YES;
				CLANG_WARN__DUPLICATE_METHOD_MATCH = YES;
				"CODE_SIGN_IDENTITY[sdk=iphoneos*]" = "iPhone Developer";
				COPY_PHASE_STRIP = NO;
				DEBUG_INFORMATION_FORMAT = "dwarf-with-dsym";
				ENABLE_NS_ASSERTIONS = NO;
				ENABLE_STRICT_OBJC_MSGSEND = YES;
				GCC_C_LANGUAGE_STANDARD = gnu99;
				GCC_NO_COMMON_BLOCKS = YES;
				GCC_WARN_64_TO_32_BIT_CONVERSION = YES;
				GCC_WARN_ABOUT_RETURN_TYPE = YES_ERROR;
				GCC_WARN_UNDECLARED_SELECTOR = YES;
				GCC_WARN_UNINITIALIZED_AUTOS = YES_AGGRESSIVE;
				GCC_WARN_UNUSED_FUNCTION = YES;
				GCC_WARN_UNUSED_VARIABLE = YES;
				IPHONEOS_DEPLOYMENT_TARGET = 9.1;
				MTL_ENABLE_DEBUG_INFO = NO;
				SDKROOT = iphoneos;
				TARGETED_DEVICE_FAMILY = "1,2";
				VALIDATE_PRODUCT = YES;
			};
			name = Release;
		};
		D7DB63791C00677100381E51 /* Debug */ = {
			isa = XCBuildConfiguration;
			baseConfigurationReference = 9EC7001430ED5449A22E2659 /* Pods.debug.xcconfig */;
			buildSettings = {
				ASSETCATALOG_COMPILER_APPICON_NAME = AppIcon;
				INFOPLIST_FILE = ChildTracker/Info.plist;
				IPHONEOS_DEPLOYMENT_TARGET = 8.1;
				LD_RUNPATH_SEARCH_PATHS = "$(inherited) @executable_path/Frameworks";
				PRODUCT_BUNDLE_IDENTIFIER = com.lodossteam.ChildTracker;
				PRODUCT_NAME = "$(TARGET_NAME)";
			};
			name = Debug;
		};
		D7DB637A1C00677100381E51 /* Release */ = {
			isa = XCBuildConfiguration;
			baseConfigurationReference = FDCB28259AAAAE03B9D0C912 /* Pods.release.xcconfig */;
			buildSettings = {
				ASSETCATALOG_COMPILER_APPICON_NAME = AppIcon;
				INFOPLIST_FILE = ChildTracker/Info.plist;
				IPHONEOS_DEPLOYMENT_TARGET = 8.1;
				LD_RUNPATH_SEARCH_PATHS = "$(inherited) @executable_path/Frameworks";
				PRODUCT_BUNDLE_IDENTIFIER = com.lodossteam.ChildTracker;
				PRODUCT_NAME = "$(TARGET_NAME)";
			};
			name = Release;
		};
/* End XCBuildConfiguration section */

/* Begin XCConfigurationList section */
		D7DB635C1C00677100381E51 /* Build configuration list for PBXProject "ChildTracker" */ = {
			isa = XCConfigurationList;
			buildConfigurations = (
				D7DB63761C00677100381E51 /* Debug */,
				D7DB63771C00677100381E51 /* Release */,
			);
			defaultConfigurationIsVisible = 0;
			defaultConfigurationName = Release;
		};
		D7DB63781C00677100381E51 /* Build configuration list for PBXNativeTarget "ChildTracker" */ = {
			isa = XCConfigurationList;
			buildConfigurations = (
				D7DB63791C00677100381E51 /* Debug */,
				D7DB637A1C00677100381E51 /* Release */,
			);
			defaultConfigurationIsVisible = 0;
			defaultConfigurationName = Release;
		};
/* End XCConfigurationList section */
	};
	rootObject = D7DB63591C00677100381E51 /* Project object */;
}
